
Microsoft Visual Studio Solution File, Format Version 12.00
# Visual Studio Version 16
VisualStudioVersion = 16.0.30804.86
MinimumVisualStudioVersion = 10.0.40219.1
Project("{D2ABAB84-BF74-430A-B69E-9DC6D40DDA17}") = "MultidimensionalProjectRentACarDW", "MultidimensionalProjectRentACarDW.dwproj", "{5C0E2DB4-65B6-4417-B270-2343900BC64F}"
EndProject
Global
	GlobalSection(SolutionConfigurationPlatforms) = preSolution
		Development|Default = Development|Default
	EndGlobalSection
	GlobalSection(ProjectConfigurationPlatforms) = postSolution
		{5C0E2DB4-65B6-4417-B270-2343900BC64F}.Development|Default.ActiveCfg = Development
		{5C0E2DB4-65B6-4417-B270-2343900BC64F}.Development|Default.Build.0 = Development
		{5C0E2DB4-65B6-4417-B270-2343900BC64F}.Development|Default.Deploy.0 = Development
	EndGlobalSection
	GlobalSection(SolutionProperties) = preSolution
		HideSolutionNode = FALSE
	EndGlobalSection
	GlobalSection(ExtensibilityGlobals) = postSolution
		SolutionGuid = {3C07EEB0-BA26-4BAB-8E38-97B6A21425FD}
	EndGlobalSection
EndGlobal
